
Microsoft Visual Studio Solution File, Format Version 12.00
# Visual Studio Version 16
VisualStudioVersion = 16.0.28803.202
MinimumVisualStudioVersion = 10.0.40219.1
Project("{FAE04EC0-301F-11D3-BF4B-00C04F79EFBC}") = "FreeSpyWare2", "FreeSpyWare2\FreeSpyWare2.csproj", "{D430CC11-E5DB-40E5-878F-5961E122FEB5}"
EndProject
Global
	GlobalSection(SolutionConfigurationPlatforms) = preSolution
		Debug|Any CPU = Debug|Any CPU
		Release|Any CPU = Release|Any CPU
	EndGlobalSection
	GlobalSection(ProjectConfigurationPlatforms) = postSolution
		{D430CC11-E5DB-40E5-878F-5961E122FEB5}.Debug|Any CPU.ActiveCfg = Debug|Any CPU
		{D430CC11-E5DB-40E5-878F-5961E122FEB5}.Debug|Any CPU.Build.0 = Debug|Any CPU
		{D430CC11-E5DB-40E5-878F-5961E122FEB5}.Release|Any CPU.ActiveCfg = Release|Any CPU
		{D430CC11-E5DB-40E5-878F-5961E122FEB5}.Release|Any CPU.Build.0 = Release|Any CPU
	EndGlobalSection
	GlobalSection(SolutionProperties) = preSolution
		HideSolutionNode = FALSE
	EndGlobalSection
	GlobalSection(ExtensibilityGlobals) = postSolution
		SolutionGuid = {AE013024-9046-48A2-BBA6-B476F8AEC53D}
	EndGlobalSection
EndGlobal
